
Microsoft Visual Studio Solution File, Format Version 12.00
# Visual Studio Version 17
VisualStudioVersion = 17.10.35122.118
MinimumVisualStudioVersion = 10.0.40219.1
Project("{FAE04EC0-301F-11D3-BF4B-00C04F79EFBC}") = "Eokulwebapi", "Eokulwebapi\Eokulwebapi.csproj", "{B6B0EF39-100D-41BB-B3BC-D099B074DFC9}"
EndProject
Global
	GlobalSection(SolutionConfigurationPlatforms) = preSolution
		Debug|Any CPU = Debug|Any CPU
		Release|Any CPU = Release|Any CPU
	EndGlobalSection
	GlobalSection(ProjectConfigurationPlatforms) = postSolution
		{B6B0EF39-100D-41BB-B3BC-D099B074DFC9}.Debug|Any CPU.ActiveCfg = Debug|Any CPU
		{B6B0EF39-100D-41BB-B3BC-D099B074DFC9}.Debug|Any CPU.Build.0 = Debug|Any CPU
		{B6B0EF39-100D-41BB-B3BC-D099B074DFC9}.Release|Any CPU.ActiveCfg = Release|Any CPU
		{B6B0EF39-100D-41BB-B3BC-D099B074DFC9}.Release|Any CPU.Build.0 = Release|Any CPU
	EndGlobalSection
	GlobalSection(SolutionProperties) = preSolution
		HideSolutionNode = FALSE
	EndGlobalSection
	GlobalSection(ExtensibilityGlobals) = postSolution
		SolutionGuid = {1DB2F8BF-5676-4AF9-9061-333094924E82}
	EndGlobalSection
EndGlobal
